
Microsoft Visual Studio Solution File, Format Version 12.00
# Visual Studio 15
VisualStudioVersion = 15.0.28307.329
MinimumVisualStudioVersion = 10.0.40219.1
Project("{FAE04EC0-301F-11D3-BF4B-00C04F79EFBC}") = "TelegramBotApp", "TelegramBotApp\TelegramBotApp.csproj", "{54EBB5F1-8EC2-47BC-9A45-7C9E61D6FC96}"
EndProject
Global
	GlobalSection(SolutionConfigurationPlatforms) = preSolution
		Debug|Any CPU = Debug|Any CPU
		Release|Any CPU = Release|Any CPU
	EndGlobalSection
	GlobalSection(ProjectConfigurationPlatforms) = postSolution
		{54EBB5F1-8EC2-47BC-9A45-7C9E61D6FC96}.Debug|Any CPU.ActiveCfg = Debug|Any CPU
		{54EBB5F1-8EC2-47BC-9A45-7C9E61D6FC96}.Debug|Any CPU.Build.0 = Debug|Any CPU
		{54EBB5F1-8EC2-47BC-9A45-7C9E61D6FC96}.Release|Any CPU.ActiveCfg = Release|Any CPU
		{54EBB5F1-8EC2-47BC-9A45-7C9E61D6FC96}.Release|Any CPU.Build.0 = Release|Any CPU
	EndGlobalSection
	GlobalSection(SolutionProperties) = preSolution
		HideSolutionNode = FALSE
	EndGlobalSection
	GlobalSection(ExtensibilityGlobals) = postSolution
		SolutionGuid = {3523F6AB-0963-4C6D-8F5D-DABDDFCA1685}
	EndGlobalSection
EndGlobal
